
Microsoft Visual Studio Solution File, Format Version 12.00
# Visual Studio Version 17
VisualStudioVersion = 17.12.35521.163
MinimumVisualStudioVersion = 10.0.40219.1
Project("{2150E333-8FDC-42A3-9474-1A3956D46DE8}") = "Shared", "Shared", "{43DB0542-9367-4AF2-BF07-5A858FB9FD70}"
EndProject
Project("{FAE04EC0-301F-11D3-BF4B-00C04F79EFBC}") = "ENet-CSharp", "Shared\Dependencies\ENet\ENet-CSharp.csproj", "{281542EB-F011-4F27-AFED-9D6DD5A7CDFE}"
EndProject
Project("{2150E333-8FDC-42A3-9474-1A3956D46DE8}") = "Server", "Server", "{34D4E400-F3ED-4E98-B1C8-7D11CDB914B8}"
EndProject
Project("{2150E333-8FDC-42A3-9474-1A3956D46DE8}") = "Client", "Client", "{00F83484-ABDD-4730-8CA9-C8BA8E813FBA}"
EndProject
Project("{FAE04EC0-301F-11D3-BF4B-00C04F79EFBC}") = "TestClient", "Client\TestClient\TestClient.csproj", "{4E591598-4947-4F93-BE22-2669C09EBD9B}"
EndProject
Project("{FAE04EC0-301F-11D3-BF4B-00C04F79EFBC}") = "TestServer", "Server\TestServer\TestServer.csproj", "{6039A587-45F8-4534-A69E-F18BE636771D}"
EndProject
Project("{FAE04EC0-301F-11D3-BF4B-00C04F79EFBC}") = "NetworkLibrary", "Shared\NetworkLibrary\NetworkLibrary.csproj", "{4FE8E1D3-7E0C-4C5C-AF56-8D423D02A2B1}"
EndProject
Global
	GlobalSection(SolutionConfigurationPlatforms) = preSolution
		Debug|Any CPU = Debug|Any CPU
		Release|Any CPU = Release|Any CPU
	EndGlobalSection
	GlobalSection(ProjectConfigurationPlatforms) = postSolution
		{281542EB-F011-4F27-AFED-9D6DD5A7CDFE}.Debug|Any CPU.ActiveCfg = Debug|x64
		{281542EB-F011-4F27-AFED-9D6DD5A7CDFE}.Debug|Any CPU.Build.0 = Debug|x64
		{281542EB-F011-4F27-AFED-9D6DD5A7CDFE}.Release|Any CPU.ActiveCfg = Release|x64
		{281542EB-F011-4F27-AFED-9D6DD5A7CDFE}.Release|Any CPU.Build.0 = Release|x64
		{4E591598-4947-4F93-BE22-2669C09EBD9B}.Debug|Any CPU.ActiveCfg = Debug|Any CPU
		{4E591598-4947-4F93-BE22-2669C09EBD9B}.Debug|Any CPU.Build.0 = Debug|Any CPU
		{4E591598-4947-4F93-BE22-2669C09EBD9B}.Release|Any CPU.ActiveCfg = Release|Any CPU
		{4E591598-4947-4F93-BE22-2669C09EBD9B}.Release|Any CPU.Build.0 = Release|Any CPU
		{6039A587-45F8-4534-A69E-F18BE636771D}.Debug|Any CPU.ActiveCfg = Debug|Any CPU
		{6039A587-45F8-4534-A69E-F18BE636771D}.Debug|Any CPU.Build.0 = Debug|Any CPU
		{6039A587-45F8-4534-A69E-F18BE636771D}.Release|Any CPU.ActiveCfg = Release|Any CPU
		{6039A587-45F8-4534-A69E-F18BE636771D}.Release|Any CPU.Build.0 = Release|Any CPU
		{4FE8E1D3-7E0C-4C5C-AF56-8D423D02A2B1}.Debug|Any CPU.ActiveCfg = Debug|Any CPU
		{4FE8E1D3-7E0C-4C5C-AF56-8D423D02A2B1}.Debug|Any CPU.Build.0 = Debug|Any CPU
		{4FE8E1D3-7E0C-4C5C-AF56-8D423D02A2B1}.Release|Any CPU.ActiveCfg = Release|Any CPU
		{4FE8E1D3-7E0C-4C5C-AF56-8D423D02A2B1}.Release|Any CPU.Build.0 = Release|Any CPU
	EndGlobalSection
	GlobalSection(SolutionProperties) = preSolution
		HideSolutionNode = FALSE
	EndGlobalSection
	GlobalSection(NestedProjects) = preSolution
		{281542EB-F011-4F27-AFED-9D6DD5A7CDFE} = {43DB0542-9367-4AF2-BF07-5A858FB9FD70}
		{4E591598-4947-4F93-BE22-2669C09EBD9B} = {00F83484-ABDD-4730-8CA9-C8BA8E813FBA}
		{6039A587-45F8-4534-A69E-F18BE636771D} = {34D4E400-F3ED-4E98-B1C8-7D11CDB914B8}
		{4FE8E1D3-7E0C-4C5C-AF56-8D423D02A2B1} = {43DB0542-9367-4AF2-BF07-5A858FB9FD70}
	EndGlobalSection
EndGlobal
